<?xml version="1.0" encoding="UTF-8" standalone="yes" ?>
<CodeBlocks_project_file>
	<FileVersion major="1" minor="6" />
	<Project>
		<Option title="lost-relics-sdl2" />
		<Option pch_mode="2" />
		<Option compiler="gcc" />
		<Build>
			<Target title="Debug">
				<Option output="bin/Debug/lost-relics-sdl2" prefix_auto="1" extension_auto="1" />
				<Option object_output="obj/Debug/" />
				<Option type="1" />
				<Option compiler="gcc" />
				<Compiler>
					<Add option="-g" />
				</Compiler>
			</Target>
			<Target title="Release">
				<Option output="bin/Release/lost-relics-sdl2" prefix_auto="1" extension_auto="1" />
				<Option object_output="obj/Release/" />
				<Option type="1" />
				<Option compiler="gcc" />
				<Compiler>
					<Add option="-O2" />
				</Compiler>
				<Linker>
					<Add option="-s" />
				</Linker>
			</Target>
		</Build>
		<Compiler>
			<Add option="-Wall" />
			<Add option="-fexceptions" />
		</Compiler>
		<Unit filename="assets/data/map/1.txt" />
		<Unit filename="assets/fonts/brownie_stencil.ttf" />
		<Unit filename="assets/fonts/cowboy_adventure.ttf" />
		<Unit filename="assets/images/background/background.png" />
		<Unit filename="assets/images/background/home_screen.jpg" />
		<Unit filename="assets/images/background/tutorial.png" />
		<Unit filename="assets/images/icon/icon.jpg" />
		<Unit filename="assets/images/tiles/-1.png" />
		<Unit filename="assets/images/tiles/-2.png" />
		<Unit filename="assets/images/tiles/-3.png" />
		<Unit filename="assets/images/tiles/-4.png" />
		<Unit filename="assets/images/tiles/-5.png" />
		<Unit filename="assets/images/tiles/-6.png" />
		<Unit filename="assets/images/tiles/-7.png" />
		<Unit filename="assets/images/tiles/-8.png" />
		<Unit filename="assets/images/tiles/-9.png" />
		<Unit filename="assets/images/tiles/1.png" />
		<Unit filename="assets/images/tiles/10.png" />
		<Unit filename="assets/images/tiles/11.png" />
		<Unit filename="assets/images/tiles/12.png" />
		<Unit filename="assets/images/tiles/13.png" />
		<Unit filename="assets/images/tiles/14.png" />
		<Unit filename="assets/images/tiles/15.png" />
		<Unit filename="assets/images/tiles/16.png" />
		<Unit filename="assets/images/tiles/17.png" />
		<Unit filename="assets/images/tiles/18.png" />
		<Unit filename="assets/images/tiles/19.png" />
		<Unit filename="assets/images/tiles/2.png" />
		<Unit filename="assets/images/tiles/3.png" />
		<Unit filename="assets/images/tiles/4.png" />
		<Unit filename="assets/images/tiles/5.png" />
		<Unit filename="assets/images/tiles/6.png" />
		<Unit filename="assets/images/tiles/7.png" />
		<Unit filename="assets/images/tiles/8.png" />
		<Unit filename="assets/images/tiles/9.png" />
		<Unit filename="include/animation/animation.h" />
		<Unit filename="include/animation/collision.h" />
		<Unit filename="include/game_objects/game_object.h" />
		<Unit filename="include/game_objects/map.h" />
		<Unit filename="include/game_state/home_screen.h" />
		<Unit filename="include/game_state/instruction_screen.h" />
		<Unit filename="include/game_state/level_select_screen.h" />
		<Unit filename="include/game_state/manager.h" />
		<Unit filename="include/game_state/play.h" />
		<Unit filename="include/game_state/quit_screen.h" />
		<Unit filename="include/init/defs.h" />
		<Unit filename="include/init/graphics.h" />
		<Unit filename="include/init/timer.h" />
		<Unit filename="main.cpp" />
		<Unit filename="src/animation/animation.cpp" />
		<Unit filename="src/animation/collision.cpp" />
		<Unit filename="src/game_objects/game_object.cpp" />
		<Unit filename="src/game_objects/map.cpp" />
		<Unit filename="src/game_state/home_screen.cpp" />
		<Unit filename="src/game_state/instruction_screen.cpp" />
		<Unit filename="src/game_state/level_select_screen.cpp" />
		<Unit filename="src/game_state/manager.cpp" />
		<Unit filename="src/game_state/play.cpp" />
		<Unit filename="src/game_state/quit_screen.cpp" />
		<Unit filename="src/init/defs.cpp" />
		<Unit filename="src/init/graphics.cpp" />
		<Unit filename="src/init/timer.cpp" />
		<Extensions>
			<lib_finder disable_auto="1" />
		</Extensions>
	</Project>
</CodeBlocks_project_file>
